
Microsoft Visual Studio Solution File, Format Version 12.00
# Visual Studio Version 16
VisualStudioVersion = 25.0.1706.3
MinimumVisualStudioVersion = 10.0.40219.1
Project("{FAE04EC0-301F-11D3-BF4B-00C04F79EFBC}") = "WalletGuesser", "WalletGuesser\WalletGuesser.csproj", "{596316DD-D700-4B98-B57D-31775C6F13A2}"
EndProject
Global
	GlobalSection(SolutionConfigurationPlatforms) = preSolution
		Debug|Any CPU = Debug|Any CPU
		Release|Any CPU = Release|Any CPU
	EndGlobalSection
	GlobalSection(ProjectConfigurationPlatforms) = postSolution
		{596316DD-D700-4B98-B57D-31775C6F13A2}.Debug|Any CPU.ActiveCfg = Debug|Any CPU
		{596316DD-D700-4B98-B57D-31775C6F13A2}.Debug|Any CPU.Build.0 = Debug|Any CPU
		{596316DD-D700-4B98-B57D-31775C6F13A2}.Release|Any CPU.ActiveCfg = Release|Any CPU
		{596316DD-D700-4B98-B57D-31775C6F13A2}.Release|Any CPU.Build.0 = Release|Any CPU
	EndGlobalSection
	GlobalSection(SolutionProperties) = preSolution
		HideSolutionNode = FALSE
	EndGlobalSection
	GlobalSection(ExtensibilityGlobals) = postSolution
		SolutionGuid = {1F6D4505-D16D-4D9D-9D63-8BAFE3D11D37}
	EndGlobalSection
EndGlobal
